
Microsoft Visual Studio Solution File, Format Version 12.00
# Visual Studio Version 17
VisualStudioVersion = 17.11.35222.181
MinimumVisualStudioVersion = 10.0.40219.1
Project("{2150E333-8FDC-42A3-9474-1A3956D46DE8}") = "Services", "Services", "{D1D60C86-D960-477B-9EAD-AEFAB3DB0AD3}"
EndProject
Project("{2150E333-8FDC-42A3-9474-1A3956D46DE8}") = "Catalog", "Catalog", "{5EC87390-7072-4103-BBA1-08483C956163}"
EndProject
Project("{9A19103F-16F7-4668-BE54-9A1E7A4F7556}") = "Catalog.API", "Services\Catalog\Catalog.API\Catalog.API.csproj", "{50DDED02-67A0-460F-B78C-0748A07F7E0A}"
EndProject
Project("{2150E333-8FDC-42A3-9474-1A3956D46DE8}") = "BuildingBlocks", "BuildingBlocks", "{892E3F29-2470-4462-A517-64C5397B8860}"
EndProject
Project("{9A19103F-16F7-4668-BE54-9A1E7A4F7556}") = "BuildingBlocks", "BuildingBlocks\BuildingBlocks\BuildingBlocks.csproj", "{BD97907E-E066-4015-987B-AF61387CD77B}"
EndProject
Project("{E53339B2-1760-4266-BCC7-CA923CBCF16C}") = "docker-compose", "docker-compose.dcproj", "{7E69BB73-EAFA-4B83-92E3-22260F3C855A}"
EndProject
Project("{2150E333-8FDC-42A3-9474-1A3956D46DE8}") = "Basket", "Basket", "{A341BA94-A178-457D-9E9E-5D974097C692}"
EndProject
Project("{FAE04EC0-301F-11D3-BF4B-00C04F79EFBC}") = "Basket.API", "Services\Basket\Basket.API\Basket.API.csproj", "{DF27B0AE-654F-4AD8-8690-88DD5A7BDE0D}"
EndProject
Global
	GlobalSection(SolutionConfigurationPlatforms) = preSolution
		Debug|Any CPU = Debug|Any CPU
		Release|Any CPU = Release|Any CPU
	EndGlobalSection
	GlobalSection(ProjectConfigurationPlatforms) = postSolution
		{50DDED02-67A0-460F-B78C-0748A07F7E0A}.Debug|Any CPU.ActiveCfg = Debug|Any CPU
		{50DDED02-67A0-460F-B78C-0748A07F7E0A}.Debug|Any CPU.Build.0 = Debug|Any CPU
		{50DDED02-67A0-460F-B78C-0748A07F7E0A}.Release|Any CPU.ActiveCfg = Release|Any CPU
		{50DDED02-67A0-460F-B78C-0748A07F7E0A}.Release|Any CPU.Build.0 = Release|Any CPU
		{BD97907E-E066-4015-987B-AF61387CD77B}.Debug|Any CPU.ActiveCfg = Debug|Any CPU
		{BD97907E-E066-4015-987B-AF61387CD77B}.Debug|Any CPU.Build.0 = Debug|Any CPU
		{BD97907E-E066-4015-987B-AF61387CD77B}.Release|Any CPU.ActiveCfg = Release|Any CPU
		{BD97907E-E066-4015-987B-AF61387CD77B}.Release|Any CPU.Build.0 = Release|Any CPU
		{7E69BB73-EAFA-4B83-92E3-22260F3C855A}.Debug|Any CPU.ActiveCfg = Debug|Any CPU
		{7E69BB73-EAFA-4B83-92E3-22260F3C855A}.Debug|Any CPU.Build.0 = Debug|Any CPU
		{7E69BB73-EAFA-4B83-92E3-22260F3C855A}.Release|Any CPU.ActiveCfg = Release|Any CPU
		{7E69BB73-EAFA-4B83-92E3-22260F3C855A}.Release|Any CPU.Build.0 = Release|Any CPU
		{DF27B0AE-654F-4AD8-8690-88DD5A7BDE0D}.Debug|Any CPU.ActiveCfg = Debug|Any CPU
		{DF27B0AE-654F-4AD8-8690-88DD5A7BDE0D}.Debug|Any CPU.Build.0 = Debug|Any CPU
		{DF27B0AE-654F-4AD8-8690-88DD5A7BDE0D}.Release|Any CPU.ActiveCfg = Release|Any CPU
		{DF27B0AE-654F-4AD8-8690-88DD5A7BDE0D}.Release|Any CPU.Build.0 = Release|Any CPU
	EndGlobalSection
	GlobalSection(SolutionProperties) = preSolution
		HideSolutionNode = FALSE
	EndGlobalSection
	GlobalSection(NestedProjects) = preSolution
		{5EC87390-7072-4103-BBA1-08483C956163} = {D1D60C86-D960-477B-9EAD-AEFAB3DB0AD3}
		{50DDED02-67A0-460F-B78C-0748A07F7E0A} = {5EC87390-7072-4103-BBA1-08483C956163}
		{BD97907E-E066-4015-987B-AF61387CD77B} = {892E3F29-2470-4462-A517-64C5397B8860}
		{A341BA94-A178-457D-9E9E-5D974097C692} = {D1D60C86-D960-477B-9EAD-AEFAB3DB0AD3}
		{DF27B0AE-654F-4AD8-8690-88DD5A7BDE0D} = {A341BA94-A178-457D-9E9E-5D974097C692}
	EndGlobalSection
	GlobalSection(ExtensibilityGlobals) = postSolution
		SolutionGuid = {E9F474E5-A047-44DD-AE0A-8FB68230D4C8}
	EndGlobalSection
EndGlobal
